
Microsoft Visual Studio Solution File, Format Version 12.00
# Visual Studio 15
VisualStudioVersion = 15.0.26124.0
MinimumVisualStudioVersion = 15.0.26124.0
Project("{FAE04EC0-301F-11D3-BF4B-00C04F79EFBC}") = "PotBot.Infrastructure", "PotBot.Infrastructure\PotBot.Infrastructure.csproj", "{EB45FA81-C498-451F-ACE9-38018E3E812B}"
EndProject
Project("{FAE04EC0-301F-11D3-BF4B-00C04F79EFBC}") = "PotBot.Sensor.Volume", "PotBot.Sensor.Volume\PotBot.Sensor.Volume.csproj", "{0AFD172D-EFAE-4949-A643-F800BEA2DD36}"
EndProject
Project("{FAE04EC0-301F-11D3-BF4B-00C04F79EFBC}") = "PotBot.Sensor.Temperature", "PotBot.Sensor.Temperature\PotBot.Sensor.Temperature.csproj", "{2BB71326-8C19-4BA2-9286-E45252BE37E2}"
EndProject
Global
	GlobalSection(SolutionConfigurationPlatforms) = preSolution
		Debug|Any CPU = Debug|Any CPU
		Debug|x64 = Debug|x64
		Debug|x86 = Debug|x86
		Release|Any CPU = Release|Any CPU
		Release|x64 = Release|x64
		Release|x86 = Release|x86
	EndGlobalSection
	GlobalSection(SolutionProperties) = preSolution
		HideSolutionNode = FALSE
	EndGlobalSection
	GlobalSection(ProjectConfigurationPlatforms) = postSolution
		{EB45FA81-C498-451F-ACE9-38018E3E812B}.Debug|Any CPU.ActiveCfg = Debug|Any CPU
		{EB45FA81-C498-451F-ACE9-38018E3E812B}.Debug|Any CPU.Build.0 = Debug|Any CPU
		{EB45FA81-C498-451F-ACE9-38018E3E812B}.Debug|x64.ActiveCfg = Debug|Any CPU
		{EB45FA81-C498-451F-ACE9-38018E3E812B}.Debug|x64.Build.0 = Debug|Any CPU
		{EB45FA81-C498-451F-ACE9-38018E3E812B}.Debug|x86.ActiveCfg = Debug|Any CPU
		{EB45FA81-C498-451F-ACE9-38018E3E812B}.Debug|x86.Build.0 = Debug|Any CPU
		{EB45FA81-C498-451F-ACE9-38018E3E812B}.Release|Any CPU.ActiveCfg = Release|Any CPU
		{EB45FA81-C498-451F-ACE9-38018E3E812B}.Release|Any CPU.Build.0 = Release|Any CPU
		{EB45FA81-C498-451F-ACE9-38018E3E812B}.Release|x64.ActiveCfg = Release|Any CPU
		{EB45FA81-C498-451F-ACE9-38018E3E812B}.Release|x64.Build.0 = Release|Any CPU
		{EB45FA81-C498-451F-ACE9-38018E3E812B}.Release|x86.ActiveCfg = Release|Any CPU
		{EB45FA81-C498-451F-ACE9-38018E3E812B}.Release|x86.Build.0 = Release|Any CPU
		{0AFD172D-EFAE-4949-A643-F800BEA2DD36}.Debug|Any CPU.ActiveCfg = Debug|Any CPU
		{0AFD172D-EFAE-4949-A643-F800BEA2DD36}.Debug|Any CPU.Build.0 = Debug|Any CPU
		{0AFD172D-EFAE-4949-A643-F800BEA2DD36}.Debug|x64.ActiveCfg = Debug|Any CPU
		{0AFD172D-EFAE-4949-A643-F800BEA2DD36}.Debug|x64.Build.0 = Debug|Any CPU
		{0AFD172D-EFAE-4949-A643-F800BEA2DD36}.Debug|x86.ActiveCfg = Debug|Any CPU
		{0AFD172D-EFAE-4949-A643-F800BEA2DD36}.Debug|x86.Build.0 = Debug|Any CPU
		{0AFD172D-EFAE-4949-A643-F800BEA2DD36}.Release|Any CPU.ActiveCfg = Release|Any CPU
		{0AFD172D-EFAE-4949-A643-F800BEA2DD36}.Release|Any CPU.Build.0 = Release|Any CPU
		{0AFD172D-EFAE-4949-A643-F800BEA2DD36}.Release|x64.ActiveCfg = Release|Any CPU
		{0AFD172D-EFAE-4949-A643-F800BEA2DD36}.Release|x64.Build.0 = Release|Any CPU
		{0AFD172D-EFAE-4949-A643-F800BEA2DD36}.Release|x86.ActiveCfg = Release|Any CPU
		{0AFD172D-EFAE-4949-A643-F800BEA2DD36}.Release|x86.Build.0 = Release|Any CPU
		{2BB71326-8C19-4BA2-9286-E45252BE37E2}.Debug|Any CPU.ActiveCfg = Debug|Any CPU
		{2BB71326-8C19-4BA2-9286-E45252BE37E2}.Debug|Any CPU.Build.0 = Debug|Any CPU
		{2BB71326-8C19-4BA2-9286-E45252BE37E2}.Debug|x64.ActiveCfg = Debug|Any CPU
		{2BB71326-8C19-4BA2-9286-E45252BE37E2}.Debug|x64.Build.0 = Debug|Any CPU
		{2BB71326-8C19-4BA2-9286-E45252BE37E2}.Debug|x86.ActiveCfg = Debug|Any CPU
		{2BB71326-8C19-4BA2-9286-E45252BE37E2}.Debug|x86.Build.0 = Debug|Any CPU
		{2BB71326-8C19-4BA2-9286-E45252BE37E2}.Release|Any CPU.ActiveCfg = Release|Any CPU
		{2BB71326-8C19-4BA2-9286-E45252BE37E2}.Release|Any CPU.Build.0 = Release|Any CPU
		{2BB71326-8C19-4BA2-9286-E45252BE37E2}.Release|x64.ActiveCfg = Release|Any CPU
		{2BB71326-8C19-4BA2-9286-E45252BE37E2}.Release|x64.Build.0 = Release|Any CPU
		{2BB71326-8C19-4BA2-9286-E45252BE37E2}.Release|x86.ActiveCfg = Release|Any CPU
		{2BB71326-8C19-4BA2-9286-E45252BE37E2}.Release|x86.Build.0 = Release|Any CPU
	EndGlobalSection
EndGlobal
