
Microsoft Visual Studio Solution File, Format Version 12.00
# Visual Studio 15
VisualStudioVersion = 15.0.26124.0
MinimumVisualStudioVersion = 15.0.26124.0
Project("{2150E333-8FDC-42A3-9474-1A3956D46DE8}") = "src", "src", "{2234E328-D0EC-4CA2-8DD0-F86888FBB831}"
EndProject
Project("{FAE04EC0-301F-11D3-BF4B-00C04F79EFBC}") = "PotBot.Infrastructure", "src\PotBot.Infrastructure\PotBot.Infrastructure.csproj", "{66C59BEA-3258-4E75-AD1A-061081C252E6}"
EndProject
Project("{FAE04EC0-301F-11D3-BF4B-00C04F79EFBC}") = "PotBot.Sensor.Temperature", "src\PotBot.Sensor.Temperature\PotBot.Sensor.Temperature.csproj", "{5571944B-ED2E-4E93-B6BA-6A996AF7BFC0}"
EndProject
Project("{FAE04EC0-301F-11D3-BF4B-00C04F79EFBC}") = "PotBot.Sensor.Volume", "src\PotBot.Sensor.Volume\PotBot.Sensor.Volume.csproj", "{7E065B60-2B6C-4E40-9381-206FB0440952}"
EndProject
Global
	GlobalSection(SolutionProperties) = preSolution
		HideSolutionNode = FALSE
	EndGlobalSection
	GlobalSection(SolutionConfigurationPlatforms) = preSolution
		Debug|Any CPU = Debug|Any CPU
		Debug|x64 = Debug|x64
		Debug|x86 = Debug|x86
		Release|Any CPU = Release|Any CPU
		Release|x64 = Release|x64
		Release|x86 = Release|x86
	EndGlobalSection
	GlobalSection(ProjectConfigurationPlatforms) = postSolution
		{66C59BEA-3258-4E75-AD1A-061081C252E6}.Debug|Any CPU.ActiveCfg = Debug|Any CPU
		{66C59BEA-3258-4E75-AD1A-061081C252E6}.Debug|Any CPU.Build.0 = Debug|Any CPU
		{66C59BEA-3258-4E75-AD1A-061081C252E6}.Debug|x64.ActiveCfg = Debug|Any CPU
		{66C59BEA-3258-4E75-AD1A-061081C252E6}.Debug|x64.Build.0 = Debug|Any CPU
		{66C59BEA-3258-4E75-AD1A-061081C252E6}.Debug|x86.ActiveCfg = Debug|Any CPU
		{66C59BEA-3258-4E75-AD1A-061081C252E6}.Debug|x86.Build.0 = Debug|Any CPU
		{66C59BEA-3258-4E75-AD1A-061081C252E6}.Release|Any CPU.ActiveCfg = Release|Any CPU
		{66C59BEA-3258-4E75-AD1A-061081C252E6}.Release|Any CPU.Build.0 = Release|Any CPU
		{66C59BEA-3258-4E75-AD1A-061081C252E6}.Release|x64.ActiveCfg = Release|Any CPU
		{66C59BEA-3258-4E75-AD1A-061081C252E6}.Release|x64.Build.0 = Release|Any CPU
		{66C59BEA-3258-4E75-AD1A-061081C252E6}.Release|x86.ActiveCfg = Release|Any CPU
		{66C59BEA-3258-4E75-AD1A-061081C252E6}.Release|x86.Build.0 = Release|Any CPU
		{5571944B-ED2E-4E93-B6BA-6A996AF7BFC0}.Debug|Any CPU.ActiveCfg = Debug|Any CPU
		{5571944B-ED2E-4E93-B6BA-6A996AF7BFC0}.Debug|Any CPU.Build.0 = Debug|Any CPU
		{5571944B-ED2E-4E93-B6BA-6A996AF7BFC0}.Debug|x64.ActiveCfg = Debug|Any CPU
		{5571944B-ED2E-4E93-B6BA-6A996AF7BFC0}.Debug|x64.Build.0 = Debug|Any CPU
		{5571944B-ED2E-4E93-B6BA-6A996AF7BFC0}.Debug|x86.ActiveCfg = Debug|Any CPU
		{5571944B-ED2E-4E93-B6BA-6A996AF7BFC0}.Debug|x86.Build.0 = Debug|Any CPU
		{5571944B-ED2E-4E93-B6BA-6A996AF7BFC0}.Release|Any CPU.ActiveCfg = Release|Any CPU
		{5571944B-ED2E-4E93-B6BA-6A996AF7BFC0}.Release|Any CPU.Build.0 = Release|Any CPU
		{5571944B-ED2E-4E93-B6BA-6A996AF7BFC0}.Release|x64.ActiveCfg = Release|Any CPU
		{5571944B-ED2E-4E93-B6BA-6A996AF7BFC0}.Release|x64.Build.0 = Release|Any CPU
		{5571944B-ED2E-4E93-B6BA-6A996AF7BFC0}.Release|x86.ActiveCfg = Release|Any CPU
		{5571944B-ED2E-4E93-B6BA-6A996AF7BFC0}.Release|x86.Build.0 = Release|Any CPU
		{7E065B60-2B6C-4E40-9381-206FB0440952}.Debug|Any CPU.ActiveCfg = Debug|Any CPU
		{7E065B60-2B6C-4E40-9381-206FB0440952}.Debug|Any CPU.Build.0 = Debug|Any CPU
		{7E065B60-2B6C-4E40-9381-206FB0440952}.Debug|x64.ActiveCfg = Debug|Any CPU
		{7E065B60-2B6C-4E40-9381-206FB0440952}.Debug|x64.Build.0 = Debug|Any CPU
		{7E065B60-2B6C-4E40-9381-206FB0440952}.Debug|x86.ActiveCfg = Debug|Any CPU
		{7E065B60-2B6C-4E40-9381-206FB0440952}.Debug|x86.Build.0 = Debug|Any CPU
		{7E065B60-2B6C-4E40-9381-206FB0440952}.Release|Any CPU.ActiveCfg = Release|Any CPU
		{7E065B60-2B6C-4E40-9381-206FB0440952}.Release|Any CPU.Build.0 = Release|Any CPU
		{7E065B60-2B6C-4E40-9381-206FB0440952}.Release|x64.ActiveCfg = Release|Any CPU
		{7E065B60-2B6C-4E40-9381-206FB0440952}.Release|x64.Build.0 = Release|Any CPU
		{7E065B60-2B6C-4E40-9381-206FB0440952}.Release|x86.ActiveCfg = Release|Any CPU
		{7E065B60-2B6C-4E40-9381-206FB0440952}.Release|x86.Build.0 = Release|Any CPU
	EndGlobalSection
	GlobalSection(NestedProjects) = preSolution
		{66C59BEA-3258-4E75-AD1A-061081C252E6} = {2234E328-D0EC-4CA2-8DD0-F86888FBB831}
		{5571944B-ED2E-4E93-B6BA-6A996AF7BFC0} = {2234E328-D0EC-4CA2-8DD0-F86888FBB831}
		{7E065B60-2B6C-4E40-9381-206FB0440952} = {2234E328-D0EC-4CA2-8DD0-F86888FBB831}
	EndGlobalSection
EndGlobal
